
Microsoft Visual Studio Solution File, Format Version 12.00
# Visual Studio 15
Project("{FAE04EC0-301F-11D3-BF4B-00C04F79EFBC}") = "Assembly-CSharp", "Assembly-CSharp.csproj", "{AFBF13CE-C14C-F1A9-6E95-FFC20FC574D2}"
EndProject
Global
	GlobalSection(SolutionConfigurationPlatforms) = preSolution
		Debug|Any CPU = Debug|Any CPU
		Release|Any CPU = Release|Any CPU
	EndGlobalSection
	GlobalSection(ProjectConfigurationPlatforms) = postSolution
		{AFBF13CE-C14C-F1A9-6E95-FFC20FC574D2}.Debug|Any CPU.ActiveCfg = Debug|Any CPU
		{AFBF13CE-C14C-F1A9-6E95-FFC20FC574D2}.Debug|Any CPU.Build.0 = Debug|Any CPU
		{AFBF13CE-C14C-F1A9-6E95-FFC20FC574D2}.Release|Any CPU.ActiveCfg = Release|Any CPU
		{AFBF13CE-C14C-F1A9-6E95-FFC20FC574D2}.Release|Any CPU.Build.0 = Release|Any CPU
	EndGlobalSection
	GlobalSection(SolutionProperties) = preSolution
		HideSolutionNode = FALSE
	EndGlobalSection
EndGlobal
